// !$*UTF8*$!
{
	archiveVersion = 1;
	classes = {
	};
	objectVersion = 55;
	objects = {

/* Begin PBXBuildFile section */
		ED5BE6C2736FEE2D977F948B /* Pods_MarvelHeroesApp.framework in Frameworks */ = {isa = PBXBuildFile; fileRef = 793A11B057015566962D3542 /* Pods_MarvelHeroesApp.framework */; };
		FC0D967027B0F23A00C8A30E /* HeroesTableViewController.swift in Sources */ = {isa = PBXBuildFile; fileRef = FC0D966F27B0F23A00C8A30E /* HeroesTableViewController.swift */; };
		FC0D967227B0F27A00C8A30E /* DescriptionViewController.swift in Sources */ = {isa = PBXBuildFile; fileRef = FC0D967127B0F27A00C8A30E /* DescriptionViewController.swift */; };
		FC0D967727B0F46400C8A30E /* TableViewCell.swift in Sources */ = {isa = PBXBuildFile; fileRef = FC0D967627B0F46400C8A30E /* TableViewCell.swift */; };
		FCB0B43827D130A700E9D74F /* DataManager.swift in Sources */ = {isa = PBXBuildFile; fileRef = FCB0B43727D130A700E9D74F /* DataManager.swift */; };
		FCB0B46F27EAFA7300E9D74F /* HeroImageView.swift in Sources */ = {isa = PBXBuildFile; fileRef = FCB0B46E27EAFA7200E9D74F /* HeroImageView.swift */; };
		FCD0E71F27AB7BF9001277A2 /* AppDelegate.swift in Sources */ = {isa = PBXBuildFile; fileRef = FCD0E71E27AB7BF9001277A2 /* AppDelegate.swift */; };
		FCD0E72127AB7BF9001277A2 /* SceneDelegate.swift in Sources */ = {isa = PBXBuildFile; fileRef = FCD0E72027AB7BF9001277A2 /* SceneDelegate.swift */; };
		FCD0E72627AB7BF9001277A2 /* Main.storyboard in Resources */ = {isa = PBXBuildFile; fileRef = FCD0E72427AB7BF9001277A2 /* Main.storyboard */; };
		FCD0E72827AB7BFB001277A2 /* Assets.xcassets in Resources */ = {isa = PBXBuildFile; fileRef = FCD0E72727AB7BFB001277A2 /* Assets.xcassets */; };
		FCD0E72B27AB7BFB001277A2 /* LaunchScreen.storyboard in Resources */ = {isa = PBXBuildFile; fileRef = FCD0E72927AB7BFB001277A2 /* LaunchScreen.storyboard */; };
		FCD0E73327AB7C2A001277A2 /* Heroes.swift in Sources */ = {isa = PBXBuildFile; fileRef = FCD0E73227AB7C2A001277A2 /* Heroes.swift */; };
		FCD0E73627ABD65A001277A2 /* NetworkManager.swift in Sources */ = {isa = PBXBuildFile; fileRef = FCD0E73527ABD65A001277A2 /* NetworkManager.swift */; };
/* End PBXBuildFile section */

/* Begin PBXFileReference section */
		793A11B057015566962D3542 /* Pods_MarvelHeroesApp.framework */ = {isa = PBXFileReference; explicitFileType = wrapper.framework; includeInIndex = 0; path = Pods_MarvelHeroesApp.framework; sourceTree = BUILT_PRODUCTS_DIR; };
		AA412CCE9378ABC51F1F2F44 /* Pods-MarvelHeroesApp.debug.xcconfig */ = {isa = PBXFileReference; includeInIndex = 1; lastKnownFileType = text.xcconfig; name = "Pods-MarvelHeroesApp.debug.xcconfig"; path = "Target Support Files/Pods-MarvelHeroesApp/Pods-MarvelHeroesApp.debug.xcconfig"; sourceTree = "<group>"; };
		E812CC8D959962F65C9776D3 /* Pods-MarvelHeroesApp.release.xcconfig */ = {isa = PBXFileReference; includeInIndex = 1; lastKnownFileType = text.xcconfig; name = "Pods-MarvelHeroesApp.release.xcconfig"; path = "Target Support Files/Pods-MarvelHeroesApp/Pods-MarvelHeroesApp.release.xcconfig"; sourceTree = "<group>"; };
		FC0D966F27B0F23A00C8A30E /* HeroesTableViewController.swift */ = {isa = PBXFileReference; lastKnownFileType = sourcecode.swift; path = HeroesTableViewController.swift; sourceTree = "<group>"; };
		FC0D967127B0F27A00C8A30E /* DescriptionViewController.swift */ = {isa = PBXFileReference; lastKnownFileType = sourcecode.swift; path = DescriptionViewController.swift; sourceTree = "<group>"; };
		FC0D967627B0F46400C8A30E /* TableViewCell.swift */ = {isa = PBXFileReference; lastKnownFileType = sourcecode.swift; path = TableViewCell.swift; sourceTree = "<group>"; };
		FCB0B43627D1251A00E9D74F /* README.md */ = {isa = PBXFileReference; lastKnownFileType = net.daringfireball.markdown; name = README.md; path = MarvelHeroesApp/README.md; sourceTree = SOURCE_ROOT; };
		FCB0B43727D130A700E9D74F /* DataManager.swift */ = {isa = PBXFileReference; lastKnownFileType = sourcecode.swift; path = DataManager.swift; sourceTree = "<group>"; };
		FCB0B46E27EAFA7200E9D74F /* HeroImageView.swift */ = {isa = PBXFileReference; lastKnownFileType = sourcecode.swift; path = HeroImageView.swift; sourceTree = "<group>"; };
		FCD0E71B27AB7BF9001277A2 /* MarvelHeroesApp.app */ = {isa = PBXFileReference; explicitFileType = wrapper.application; includeInIndex = 0; path = MarvelHeroesApp.app; sourceTree = BUILT_PRODUCTS_DIR; };
		FCD0E71E27AB7BF9001277A2 /* AppDelegate.swift */ = {isa = PBXFileReference; lastKnownFileType = sourcecode.swift; path = AppDelegate.swift; sourceTree = "<group>"; };
		FCD0E72027AB7BF9001277A2 /* SceneDelegate.swift */ = {isa = PBXFileReference; lastKnownFileType = sourcecode.swift; path = SceneDelegate.swift; sourceTree = "<group>"; };
		FCD0E72527AB7BF9001277A2 /* Base */ = {isa = PBXFileReference; lastKnownFileType = file.storyboard; name = Base; path = Base.lproj/Main.storyboard; sourceTree = "<group>"; };
		FCD0E72727AB7BFB001277A2 /* Assets.xcassets */ = {isa = PBXFileReference; lastKnownFileType = folder.assetcatalog; path = Assets.xcassets; sourceTree = "<group>"; };
		FCD0E72A27AB7BFB001277A2 /* Base */ = {isa = PBXFileReference; lastKnownFileType = file.storyboard; name = Base; path = Base.lproj/LaunchScreen.storyboard; sourceTree = "<group>"; };
		FCD0E72C27AB7BFB001277A2 /* Info.plist */ = {isa = PBXFileReference; lastKnownFileType = text.plist.xml; path = Info.plist; sourceTree = "<group>"; };
		FCD0E73227AB7C2A001277A2 /* Heroes.swift */ = {isa = PBXFileReference; lastKnownFileType = sourcecode.swift; path = Heroes.swift; sourceTree = "<group>"; };
		FCD0E73527ABD65A001277A2 /* NetworkManager.swift */ = {isa = PBXFileReference; lastKnownFileType = sourcecode.swift; path = NetworkManager.swift; sourceTree = "<group>"; };
/* End PBXFileReference section */

/* Begin PBXFrameworksBuildPhase section */
		FCD0E71827AB7BF9001277A2 /* Frameworks */ = {
			isa = PBXFrameworksBuildPhase;
			buildActionMask = 2147483647;
			files = (
				ED5BE6C2736FEE2D977F948B /* Pods_MarvelHeroesApp.framework in Frameworks */,
			);
			runOnlyForDeploymentPostprocessing = 0;
		};
/* End PBXFrameworksBuildPhase section */

/* Begin PBXGroup section */
		3D5C6D0029F0A5B4B9273025 /* Pods */ = {
			isa = PBXGroup;
			children = (
				AA412CCE9378ABC51F1F2F44 /* Pods-MarvelHeroesApp.debug.xcconfig */,
				E812CC8D959962F65C9776D3 /* Pods-MarvelHeroesApp.release.xcconfig */,
			);
			path = Pods;
			sourceTree = "<group>";
		};
		5370C054644BBE22EA63A36C /* Frameworks */ = {
			isa = PBXGroup;
			children = (
				793A11B057015566962D3542 /* Pods_MarvelHeroesApp.framework */,
			);
			name = Frameworks;
			sourceTree = "<group>";
		};
		FC0D966E27B0F1F300C8A30E /* ViewControllers */ = {
			isa = PBXGroup;
			children = (
				FC0D966F27B0F23A00C8A30E /* HeroesTableViewController.swift */,
				FC0D967127B0F27A00C8A30E /* DescriptionViewController.swift */,
			);
			path = ViewControllers;
			sourceTree = "<group>";
		};
		FC0D967327B0F2D800C8A30E /* Views */ = {
			isa = PBXGroup;
			children = (
				FC0D967627B0F46400C8A30E /* TableViewCell.swift */,
				FCB0B46E27EAFA7200E9D74F /* HeroImageView.swift */,
			);
			path = Views;
			sourceTree = "<group>";
		};
		FC0D967427B0F3E500C8A30E /* SupportingFiles */ = {
			isa = PBXGroup;
			children = (
				FCD0E71E27AB7BF9001277A2 /* AppDelegate.swift */,
				FCD0E72027AB7BF9001277A2 /* SceneDelegate.swift */,
				FCD0E72C27AB7BFB001277A2 /* Info.plist */,
			);
			path = SupportingFiles;
			sourceTree = "<group>";
		};
		FC0D967527B0F41400C8A30E /* StoryBoards */ = {
			isa = PBXGroup;
			children = (
				FCD0E72427AB7BF9001277A2 /* Main.storyboard */,
				FCD0E72927AB7BFB001277A2 /* LaunchScreen.storyboard */,
			);
			path = StoryBoards;
			sourceTree = "<group>";
		};
		FCB0B45527E3102800E9D74F /* Source */ = {
			isa = PBXGroup;
			children = (
				FCD0E72727AB7BFB001277A2 /* Assets.xcassets */,
			);
			path = Source;
			sourceTree = "<group>";
		};
		FCD0E71227AB7BF9001277A2 = {
			isa = PBXGroup;
			children = (
				FCD0E71D27AB7BF9001277A2 /* MarvelHeroesApp */,
				FCD0E71C27AB7BF9001277A2 /* Products */,
				3D5C6D0029F0A5B4B9273025 /* Pods */,
				5370C054644BBE22EA63A36C /* Frameworks */,
			);
			sourceTree = "<group>";
		};
		FCD0E71C27AB7BF9001277A2 /* Products */ = {
			isa = PBXGroup;
			children = (
				FCD0E71B27AB7BF9001277A2 /* MarvelHeroesApp.app */,
			);
			name = Products;
			sourceTree = "<group>";
		};
		FCD0E71D27AB7BF9001277A2 /* MarvelHeroesApp */ = {
			isa = PBXGroup;
			children = (
				FCB0B43627D1251A00E9D74F /* README.md */,
				FCD0E73427ABD638001277A2 /* Models */,
				FC0D966E27B0F1F300C8A30E /* ViewControllers */,
				FC0D967327B0F2D800C8A30E /* Views */,
				FCD0E73727ABD67D001277A2 /* Services */,
				FC0D967427B0F3E500C8A30E /* SupportingFiles */,
				FC0D967527B0F41400C8A30E /* StoryBoards */,
				FCB0B45527E3102800E9D74F /* Source */,
			);
			path = MarvelHeroesApp;
			sourceTree = "<group>";
		};
		FCD0E73427ABD638001277A2 /* Models */ = {
			isa = PBXGroup;
			children = (
				FCD0E73227AB7C2A001277A2 /* Heroes.swift */,
			);
			path = Models;
			sourceTree = "<group>";
		};
		FCD0E73727ABD67D001277A2 /* Services */ = {
			isa = PBXGroup;
			children = (
				FCD0E73527ABD65A001277A2 /* NetworkManager.swift */,
				FCB0B43727D130A700E9D74F /* DataManager.swift */,
			);
			path = Services;
			sourceTree = "<group>";
		};
/* End PBXGroup section */

/* Begin PBXNativeTarget section */
		FCD0E71A27AB7BF9001277A2 /* MarvelHeroesApp */ = {
			isa = PBXNativeTarget;
			buildConfigurationList = FCD0E72F27AB7BFB001277A2 /* Build configuration list for PBXNativeTarget "MarvelHeroesApp" */;
			buildPhases = (
				19C8AFDEA0391810CF683ECC /* [CP] Check Pods Manifest.lock */,
				FCD0E71727AB7BF9001277A2 /* Sources */,
				FCD0E71827AB7BF9001277A2 /* Frameworks */,
				FCD0E71927AB7BF9001277A2 /* Resources */,
				FA9016AF777A1A8D8C870C45 /* [CP] Embed Pods Frameworks */,
			);
			buildRules = (
			);
			dependencies = (
			);
			name = MarvelHeroesApp;
			productName = MarvelHeroesApp;
			productReference = FCD0E71B27AB7BF9001277A2 /* MarvelHeroesApp.app */;
			productType = "com.apple.product-type.application";
		};
/* End PBXNativeTarget section */

/* Begin PBXProject section */
		FCD0E71327AB7BF9001277A2 /* Project object */ = {
			isa = PBXProject;
			attributes = {
				BuildIndependentTargetsInParallel = 1;
				LastSwiftUpdateCheck = 1310;
				LastUpgradeCheck = 1310;
				TargetAttributes = {
					FCD0E71A27AB7BF9001277A2 = {
						CreatedOnToolsVersion = 13.1;
					};
				};
			};
			buildConfigurationList = FCD0E71627AB7BF9001277A2 /* Build configuration list for PBXProject "MarvelHeroesApp" */;
			compatibilityVersion = "Xcode 13.0";
			developmentRegion = en;
			hasScannedForEncodings = 0;
			knownRegions = (
				en,
				Base,
			);
			mainGroup = FCD0E71227AB7BF9001277A2;
			productRefGroup = FCD0E71C27AB7BF9001277A2 /* Products */;
			projectDirPath = "";
			projectRoot = "";
			targets = (
				FCD0E71A27AB7BF9001277A2 /* MarvelHeroesApp */,
			);
		};
/* End PBXProject section */

/* Begin PBXResourcesBuildPhase section */
		FCD0E71927AB7BF9001277A2 /* Resources */ = {
			isa = PBXResourcesBuildPhase;
			buildActionMask = 2147483647;
			files = (
				FCD0E72B27AB7BFB001277A2 /* LaunchScreen.storyboard in Resources */,
				FCD0E72827AB7BFB001277A2 /* Assets.xcassets in Resources */,
				FCD0E72627AB7BF9001277A2 /* Main.storyboard in Resources */,
			);
			runOnlyForDeploymentPostprocessing = 0;
		};
/* End PBXResourcesBuildPhase section */

/* Begin PBXShellScriptBuildPhase section */
		19C8AFDEA0391810CF683ECC /* [CP] Check Pods Manifest.lock */ = {
			isa = PBXShellScriptBuildPhase;
			buildActionMask = 2147483647;
			files = (
			);
			inputFileListPaths = (
			);
			inputPaths = (
				"${PODS_PODFILE_DIR_PATH}/Podfile.lock",
				"${PODS_ROOT}/Manifest.lock",
			);
			name = "[CP] Check Pods Manifest.lock";
			outputFileListPaths = (
			);
			outputPaths = (
				"$(DERIVED_FILE_DIR)/Pods-MarvelHeroesApp-checkManifestLockResult.txt",
			);
			runOnlyForDeploymentPostprocessing = 0;
			shellPath = /bin/sh;
			shellScript = "diff \"${PODS_PODFILE_DIR_PATH}/Podfile.lock\" \"${PODS_ROOT}/Manifest.lock\" > /dev/null\nif [ $? != 0 ] ; then\n    # print error to STDERR\n    echo \"error: The sandbox is not in sync with the Podfile.lock. Run 'pod install' or update your CocoaPods installation.\" >&2\n    exit 1\nfi\n# This output is used by Xcode 'outputs' to avoid re-running this script phase.\necho \"SUCCESS\" > \"${SCRIPT_OUTPUT_FILE_0}\"\n";
			showEnvVarsInLog = 0;
		};
		FA9016AF777A1A8D8C870C45 /* [CP] Embed Pods Frameworks */ = {
			isa = PBXShellScriptBuildPhase;
			buildActionMask = 2147483647;
			files = (
			);
			inputFileListPaths = (
				"${PODS_ROOT}/Target Support Files/Pods-MarvelHeroesApp/Pods-MarvelHeroesApp-frameworks-${CONFIGURATION}-input-files.xcfilelist",
			);
			name = "[CP] Embed Pods Frameworks";
			outputFileListPaths = (
				"${PODS_ROOT}/Target Support Files/Pods-MarvelHeroesApp/Pods-MarvelHeroesApp-frameworks-${CONFIGURATION}-output-files.xcfilelist",
			);
			runOnlyForDeploymentPostprocessing = 0;
			shellPath = /bin/sh;
			shellScript = "\"${PODS_ROOT}/Target Support Files/Pods-MarvelHeroesApp/Pods-MarvelHeroesApp-frameworks.sh\"\n";
			showEnvVarsInLog = 0;
		};
/* End PBXShellScriptBuildPhase section */

/* Begin PBXSourcesBuildPhase section */
		FCD0E71727AB7BF9001277A2 /* Sources */ = {
			isa = PBXSourcesBuildPhase;
			buildActionMask = 2147483647;
			files = (
				FC0D967727B0F46400C8A30E /* TableViewCell.swift in Sources */,
				FCB0B43827D130A700E9D74F /* DataManager.swift in Sources */,
				FC0D967227B0F27A00C8A30E /* DescriptionViewController.swift in Sources */,
				FCD0E73327AB7C2A001277A2 /* Heroes.swift in Sources */,
				FCD0E73627ABD65A001277A2 /* NetworkManager.swift in Sources */,
				FCD0E71F27AB7BF9001277A2 /* AppDelegate.swift in Sources */,
				FCD0E72127AB7BF9001277A2 /* SceneDelegate.swift in Sources */,
				FC0D967027B0F23A00C8A30E /* HeroesTableViewController.swift in Sources */,
				FCB0B46F27EAFA7300E9D74F /* HeroImageView.swift in Sources */,
			);
			runOnlyForDeploymentPostprocessing = 0;
		};
/* End PBXSourcesBuildPhase section */

/* Begin PBXVariantGroup section */
		FCD0E72427AB7BF9001277A2 /* Main.storyboard */ = {
			isa = PBXVariantGroup;
			children = (
				FCD0E72527AB7BF9001277A2 /* Base */,
			);
			name = Main.storyboard;
			sourceTree = "<group>";
		};
		FCD0E72927AB7BFB001277A2 /* LaunchScreen.storyboard */ = {
			isa = PBXVariantGroup;
			children = (
				FCD0E72A27AB7BFB001277A2 /* Base */,
			);
			name = LaunchScreen.storyboard;
			sourceTree = "<group>";
		};
/* End PBXVariantGroup section */

/* Begin XCBuildConfiguration section */
		FCD0E72D27AB7BFB001277A2 /* Debug */ = {
			isa = XCBuildConfiguration;
			buildSettings = {
				ALWAYS_SEARCH_USER_PATHS = NO;
				CLANG_ANALYZER_NONNULL = YES;
				CLANG_ANALYZER_NUMBER_OBJECT_CONVERSION = YES_AGGRESSIVE;
				CLANG_CXX_LANGUAGE_STANDARD = "gnu++17";
				CLANG_CXX_LIBRARY = "libc++";
				CLANG_ENABLE_MODULES = YES;
				CLANG_ENABLE_OBJC_ARC = YES;
				CLANG_ENABLE_OBJC_WEAK = YES;
				CLANG_WARN_BLOCK_CAPTURE_AUTORELEASING = YES;
				CLANG_WARN_BOOL_CONVERSION = YES;
				CLANG_WARN_COMMA = YES;
				CLANG_WARN_CONSTANT_CONVERSION = YES;
				CLANG_WARN_DEPRECATED_OBJC_IMPLEMENTATIONS = YES;
				CLANG_WARN_DIRECT_OBJC_ISA_USAGE = YES_ERROR;
				CLANG_WARN_DOCUMENTATION_COMMENTS = YES;
				CLANG_WARN_EMPTY_BODY = YES;
				CLANG_WARN_ENUM_CONVERSION = YES;
				CLANG_WARN_INFINITE_RECURSION = YES;
				CLANG_WARN_INT_CONVERSION = YES;
				CLANG_WARN_NON_LITERAL_NULL_CONVERSION = YES;
				CLANG_WARN_OBJC_IMPLICIT_RETAIN_SELF = YES;
				CLANG_WARN_OBJC_LITERAL_CONVERSION = YES;
				CLANG_WARN_OBJC_ROOT_CLASS = YES_ERROR;
				CLANG_WARN_QUOTED_INCLUDE_IN_FRAMEWORK_HEADER = YES;
				CLANG_WARN_RANGE_LOOP_ANALYSIS = YES;
				CLANG_WARN_STRICT_PROTOTYPES = YES;
				CLANG_WARN_SUSPICIOUS_MOVE = YES;
				CLANG_WARN_UNGUARDED_AVAILABILITY = YES_AGGRESSIVE;
				CLANG_WARN_UNREACHABLE_CODE = YES;
				CLANG_WARN__DUPLICATE_METHOD_MATCH = YES;
				COPY_PHASE_STRIP = NO;
				DEBUG_INFORMATION_FORMAT = dwarf;
				ENABLE_STRICT_OBJC_MSGSEND = YES;
				ENABLE_TESTABILITY = YES;
				GCC_C_LANGUAGE_STANDARD = gnu11;
				GCC_DYNAMIC_NO_PIC = NO;
				GCC_NO_COMMON_BLOCKS = YES;
				GCC_OPTIMIZATION_LEVEL = 0;
				GCC_PREPROCESSOR_DEFINITIONS = (
					"DEBUG=1",
					"$(inherited)",
				);
				GCC_WARN_64_TO_32_BIT_CONVERSION = YES;
				GCC_WARN_ABOUT_RETURN_TYPE = YES_ERROR;
				GCC_WARN_UNDECLARED_SELECTOR = YES;
				GCC_WARN_UNINITIALIZED_AUTOS = YES_AGGRESSIVE;
				GCC_WARN_UNUSED_FUNCTION = YES;
				GCC_WARN_UNUSED_VARIABLE = YES;
				IPHONEOS_DEPLOYMENT_TARGET = 15.0;
				MTL_ENABLE_DEBUG_INFO = INCLUDE_SOURCE;
				MTL_FAST_MATH = YES;
				ONLY_ACTIVE_ARCH = YES;
				SDKROOT = iphoneos;
				SWIFT_ACTIVE_COMPILATION_CONDITIONS = DEBUG;
				SWIFT_OPTIMIZATION_LEVEL = "-Onone";
			};
			name = Debug;
		};
		FCD0E72E27AB7BFB001277A2 /* Release */ = {
			isa = XCBuildConfiguration;
			buildSettings = {
				ALWAYS_SEARCH_USER_PATHS = NO;
				CLANG_ANALYZER_NONNULL = YES;
				CLANG_ANALYZER_NUMBER_OBJECT_CONVERSION = YES_AGGRESSIVE;
				CLANG_CXX_LANGUAGE_STANDARD = "gnu++17";
				CLANG_CXX_LIBRARY = "libc++";
				CLANG_ENABLE_MODULES = YES;
				CLANG_ENABLE_OBJC_ARC = YES;
				CLANG_ENABLE_OBJC_WEAK = YES;
				CLANG_WARN_BLOCK_CAPTURE_AUTORELEASING = YES;
				CLANG_WARN_BOOL_CONVERSION = YES;
				CLANG_WARN_COMMA = YES;
				CLANG_WARN_CONSTANT_CONVERSION = YES;
				CLANG_WARN_DEPRECATED_OBJC_IMPLEMENTATIONS = YES;
				CLANG_WARN_DIRECT_OBJC_ISA_USAGE = YES_ERROR;
				CLANG_WARN_DOCUMENTATION_COMMENTS = YES;
				CLANG_WARN_EMPTY_BODY = YES;
				CLANG_WARN_ENUM_CONVERSION = YES;
				CLANG_WARN_INFINITE_RECURSION = YES;
				CLANG_WARN_INT_CONVERSION = YES;
				CLANG_WARN_NON_LITERAL_NULL_CONVERSION = YES;
				CLANG_WARN_OBJC_IMPLICIT_RETAIN_SELF = YES;
				CLANG_WARN_OBJC_LITERAL_CONVERSION = YES;
				CLANG_WARN_OBJC_ROOT_CLASS = YES_ERROR;
				CLANG_WARN_QUOTED_INCLUDE_IN_FRAMEWORK_HEADER = YES;
				CLANG_WARN_RANGE_LOOP_ANALYSIS = YES;
				CLANG_WARN_STRICT_PROTOTYPES = YES;
				CLANG_WARN_SUSPICIOUS_MOVE = YES;
				CLANG_WARN_UNGUARDED_AVAILABILITY = YES_AGGRESSIVE;
				CLANG_WARN_UNREACHABLE_CODE = YES;
				CLANG_WARN__DUPLICATE_METHOD_MATCH = YES;
				COPY_PHASE_STRIP = NO;
				DEBUG_INFORMATION_FORMAT = "dwarf-with-dsym";
				ENABLE_NS_ASSERTIONS = NO;
				ENABLE_STRICT_OBJC_MSGSEND = YES;
				GCC_C_LANGUAGE_STANDARD = gnu11;
				GCC_NO_COMMON_BLOCKS = YES;
				GCC_WARN_64_TO_32_BIT_CONVERSION = YES;
				GCC_WARN_ABOUT_RETURN_TYPE = YES_ERROR;
				GCC_WARN_UNDECLARED_SELECTOR = YES;
				GCC_WARN_UNINITIALIZED_AUTOS = YES_AGGRESSIVE;
				GCC_WARN_UNUSED_FUNCTION = YES;
				GCC_WARN_UNUSED_VARIABLE = YES;
				IPHONEOS_DEPLOYMENT_TARGET = 15.0;
				MTL_ENABLE_DEBUG_INFO = NO;
				MTL_FAST_MATH = YES;
				SDKROOT = iphoneos;
				SWIFT_COMPILATION_MODE = wholemodule;
				SWIFT_OPTIMIZATION_LEVEL = "-O";
				VALIDATE_PRODUCT = YES;
			};
			name = Release;
		};
		FCD0E73027AB7BFB001277A2 /* Debug */ = {
			isa = XCBuildConfiguration;
			baseConfigurationReference = AA412CCE9378ABC51F1F2F44 /* Pods-MarvelHeroesApp.debug.xcconfig */;
			buildSettings = {
				ASSETCATALOG_COMPILER_APPICON_NAME = AppIcon;
				ASSETCATALOG_COMPILER_GLOBAL_ACCENT_COLOR_NAME = AccentColor;
				CODE_SIGN_STYLE = Automatic;
				CURRENT_PROJECT_VERSION = 1;
				DEVELOPMENT_TEAM = TY4Z5A4HHN;
				GENERATE_INFOPLIST_FILE = YES;
				INFOPLIST_FILE = MarvelHeroesApp/SupportingFiles/Info.plist;
				INFOPLIST_KEY_UIApplicationSupportsIndirectInputEvents = YES;
				INFOPLIST_KEY_UILaunchStoryboardName = LaunchScreen;
				INFOPLIST_KEY_UIMainStoryboardFile = Main;
				INFOPLIST_KEY_UISupportedInterfaceOrientations_iPad = "UIInterfaceOrientationPortrait UIInterfaceOrientationPortraitUpsideDown UIInterfaceOrientationLandscapeLeft UIInterfaceOrientationLandscapeRight";
				INFOPLIST_KEY_UISupportedInterfaceOrientations_iPhone = "UIInterfaceOrientationPortrait UIInterfaceOrientationLandscapeLeft UIInterfaceOrientationLandscapeRight";
				LD_RUNPATH_SEARCH_PATHS = (
					"$(inherited)",
					"@executable_path/Frameworks",
				);
				MARKETING_VERSION = 1.0;
				PRODUCT_BUNDLE_IDENTIFIER = asbul.MarvelHeroesApp;
				PRODUCT_NAME = "$(TARGET_NAME)";
				SWIFT_EMIT_LOC_STRINGS = YES;
				SWIFT_VERSION = 5.0;
				TARGETED_DEVICE_FAMILY = 1;
			};
			name = Debug;
		};
		FCD0E73127AB7BFB001277A2 /* Release */ = {
			isa = XCBuildConfiguration;
			baseConfigurationReference = E812CC8D959962F65C9776D3 /* Pods-MarvelHeroesApp.release.xcconfig */;
			buildSettings = {
				ASSETCATALOG_COMPILER_APPICON_NAME = AppIcon;
				ASSETCATALOG_COMPILER_GLOBAL_ACCENT_COLOR_NAME = AccentColor;
				CODE_SIGN_STYLE = Automatic;
				CURRENT_PROJECT_VERSION = 1;
				DEVELOPMENT_TEAM = TY4Z5A4HHN;
				GENERATE_INFOPLIST_FILE = YES;
				INFOPLIST_FILE = MarvelHeroesApp/SupportingFiles/Info.plist;
				INFOPLIST_KEY_UIApplicationSupportsIndirectInputEvents = YES;
				INFOPLIST_KEY_UILaunchStoryboardName = LaunchScreen;
				INFOPLIST_KEY_UIMainStoryboardFile = Main;
				INFOPLIST_KEY_UISupportedInterfaceOrientations_iPad = "UIInterfaceOrientationPortrait UIInterfaceOrientationPortraitUpsideDown UIInterfaceOrientationLandscapeLeft UIInterfaceOrientationLandscapeRight";
				INFOPLIST_KEY_UISupportedInterfaceOrientations_iPhone = "UIInterfaceOrientationPortrait UIInterfaceOrientationLandscapeLeft UIInterfaceOrientationLandscapeRight";
				LD_RUNPATH_SEARCH_PATHS = (
					"$(inherited)",
					"@executable_path/Frameworks",
				);
				MARKETING_VERSION = 1.0;
				PRODUCT_BUNDLE_IDENTIFIER = asbul.MarvelHeroesApp;
				PRODUCT_NAME = "$(TARGET_NAME)";
				SWIFT_EMIT_LOC_STRINGS = YES;
				SWIFT_VERSION = 5.0;
				TARGETED_DEVICE_FAMILY = 1;
			};
			name = Release;
		};
/* End XCBuildConfiguration section */

/* Begin XCConfigurationList section */
		FCD0E71627AB7BF9001277A2 /* Build configuration list for PBXProject "MarvelHeroesApp" */ = {
			isa = XCConfigurationList;
			buildConfigurations = (
				FCD0E72D27AB7BFB001277A2 /* Debug */,
				FCD0E72E27AB7BFB001277A2 /* Release */,
			);
			defaultConfigurationIsVisible = 0;
			defaultConfigurationName = Release;
		};
		FCD0E72F27AB7BFB001277A2 /* Build configuration list for PBXNativeTarget "MarvelHeroesApp" */ = {
			isa = XCConfigurationList;
			buildConfigurations = (
				FCD0E73027AB7BFB001277A2 /* Debug */,
				FCD0E73127AB7BFB001277A2 /* Release */,
			);
			defaultConfigurationIsVisible = 0;
			defaultConfigurationName = Release;
		};
/* End XCConfigurationList section */
	};
	rootObject = FCD0E71327AB7BF9001277A2 /* Project object */;
}
